{
  "requires": true,
  "lockfileVersion": 1,
  "dependencies": {
    "atoa": {
      "version": "1.0.0",
      "resolved": "https://registry.npmjs.org/atoa/-/atoa-1.0.0.tgz",
      "integrity": "sha1-DMDpGkgOc4+SPrwQNnZHF3mzSkk="
    },
    "bullseye": {
      "version": "1.4.6",
      "resolved": "https://registry.npmjs.org/bullseye/-/bullseye-1.4.6.tgz",
      "integrity": "sha1-tz9gb3tCc76ArGWs11KV1iYG/iQ=",
      "requires": {
        "crossvent": "^1.3.1",
        "seleccion": "2.0.0",
        "sell": "^1.0.0"
      }
    },
    "contra": {
      "version": "1.9.4",
      "resolved": "https://registry.npmjs.org/contra/-/contra-1.9.4.tgz",
      "integrity": "sha1-9TveQtfltZhcrk2ZqNYQUm3o8o0=",
      "requires": {
        "atoa": "1.0.0",
        "ticky": "1.0.1"
      }
    },
    "crossvent": {
      "version": "1.5.0",
      "resolved": "https://registry.npmjs.org/crossvent/-/crossvent-1.5.0.tgz",
      "integrity": "sha1-N3nBJCaZ4ZQX8EFOYbFEdTpS/W0=",
      "requires": {
        "custom-event": "1.0.0"
      }
    },
    "custom-event": {
      "version": "1.0.0",
      "resolved": "https://registry.npmjs.org/custom-event/-/custom-event-1.0.0.tgz",
      "integrity": "sha1-LkYovhncSyFLXAJjDFlx6BFhgGI="
    },
    "detect-element-overflow": {
      "version": "1.1.1",
      "resolved": "https://registry.npmjs.org/detect-element-overflow/-/detect-element-overflow-1.1.1.tgz",
      "integrity": "sha512-07f/EWuaPHU2JqPLg1JPuNaf47h+A5dt70EHO+X+U1zzSuAsgmI5qAU3kP1bCMICYmuvMrcqEZOIxiLB9d8zdg=="
    },
    "js-tokens": {
      "version": "4.0.0",
      "resolved": "https://registry.npmjs.org/js-tokens/-/js-tokens-4.0.0.tgz",
      "integrity": "sha512-RdJUflcE3cUzKiMqQgsCu06FPu9UdIJO0beYbPhHN4k6apgJtifcoCtT9bcxOpYBtpD2kCM6Sbzg4CausW/PKQ=="
    },
    "lodash.once": {
      "version": "4.1.1",
      "resolved": "https://registry.npmjs.org/lodash.once/-/lodash.once-4.1.1.tgz",
      "integrity": "sha1-DdOXEhPHxW34gJd9UEyI+0cal6w="
    },
    "loose-envify": {
      "version": "1.4.0",
      "resolved": "https://registry.npmjs.org/loose-envify/-/loose-envify-1.4.0.tgz",
      "integrity": "sha512-lyuxPGr/Wfhrlem2CL/UcnUc1zcqKAImBDzukY7Y5F/yQiNdko6+fRLevlw1HgMySw7f611UIY408EtxRSoK3Q==",
      "requires": {
        "js-tokens": "^3.0.0 || ^4.0.0"
      }
    },
    "material-datetime-picker": {
      "version": "2.4.0",
      "resolved": "https://registry.npmjs.org/material-datetime-picker/-/material-datetime-picker-2.4.0.tgz",
      "integrity": "sha1-aS7S210H2NtPq15zZqp0CgVAeaw=",
      "requires": {
        "moment": "2.10.6",
        "rome": "git+https://github.com/jwhitfieldseed/rome.git#19f5d3031a922c29c52b9038b2832a827e5e99d6"
      },
      "dependencies": {
        "rome": {
          "version": "git+https://github.com/jwhitfieldseed/rome.git#19f5d3031a922c29c52b9038b2832a827e5e99d6",
          "from": "git+https://github.com/jwhitfieldseed/rome.git#19f5d3031a922c29c52b9038b2832a827e5e99d6",
          "requires": {
            "bullseye": "1.4.6",
            "contra": "^1.9.4",
            "crossvent": "1.5.0",
            "moment": "^2.8.2"
          }
        }
      }
    },
    "merge-class-names": {
      "version": "1.1.1",
      "resolved": "https://registry.npmjs.org/merge-class-names/-/merge-class-names-1.1.1.tgz",
      "integrity": "sha512-+UUWBUoFw9QLY/UlBKU/xk9h6OhyG3BUDDuF2eIJcxmusWb/uedvNpZGkysqMw5b/ds+wkX7NJTDSdUuRsCNyA=="
    },
    "moment": {
      "version": "2.10.6",
      "resolved": "https://registry.npmjs.org/moment/-/moment-2.10.6.tgz",
      "integrity": "sha1-bLIZZ8ecunsMpeZmRPFzZis++nc="
    },
    "object-assign": {
      "version": "4.1.1",
      "resolved": "https://registry.npmjs.org/object-assign/-/object-assign-4.1.1.tgz",
      "integrity": "sha1-IQmtx5ZYh8/AXLvUQsrIv7s2CGM="
    },
    "prop-types": {
      "version": "15.6.2",
      "resolved": "https://registry.npmjs.org/prop-types/-/prop-types-15.6.2.tgz",
      "integrity": "sha512-3pboPvLiWD7dkI3qf3KbUe6hKFKa52w+AE0VCqECtf+QHAKgOL37tTaNCnuX1nAAQ4ZhyP+kYVKf8rLmJ/feDQ==",
      "requires": {
        "loose-envify": "^1.3.1",
        "object-assign": "^4.1.1"
      }
    },
    "react-calendar": {
      "version": "2.16.1",
      "resolved": "https://registry.npmjs.org/react-calendar/-/react-calendar-2.16.1.tgz",
      "integrity": "sha1-77o3nRnC/B6t2wqhZEuUvo+dbG4=",
      "requires": {
        "lodash.once": "^4.1.1",
        "merge-class-names": "^1.1.1",
        "prop-types": "^15.6.0",
        "react-lifecycles-compat": "^3.0.4"
      }
    },
    "react-clock": {
      "version": "2.3.0",
      "resolved": "https://registry.npmjs.org/react-clock/-/react-clock-2.3.0.tgz",
      "integrity": "sha1-3lwyjHvc7Fg0jaXCzNjYyk/BC3Y=",
      "requires": {
        "merge-class-names": "^1.1.1",
        "prop-types": "^15.6.0"
      }
    },
    "react-date-picker": {
      "version": "6.11.2",
      "resolved": "https://registry.npmjs.org/react-date-picker/-/react-date-picker-6.11.2.tgz",
      "integrity": "sha1-OnopCjfsCSQikpp4eLUfnLe2J44=",
      "requires": {
        "detect-element-overflow": "^1.1.1",
        "lodash.once": "^4.1.1",
        "merge-class-names": "^1.1.1",
        "prop-types": "^15.6.0",
        "react-calendar": "^2.16.1",
        "react-lifecycles-compat": "^3.0.4"
      }
    },
    "react-datetime-picker": {
      "version": "1.3.4",
      "resolved": "https://registry.npmjs.org/react-datetime-picker/-/react-datetime-picker-1.3.4.tgz",
      "integrity": "sha1-FcOtzoAVvH/XX0qG10RB+Znom0g=",
      "requires": {
        "detect-element-overflow": "^1.1.1",
        "lodash.once": "^4.1.1",
        "merge-class-names": "^1.1.1",
        "prop-types": "^15.6.0",
        "react-calendar": "^2.15.2",
        "react-clock": "^2.2.1",
        "react-date-picker": "^6.10.3",
        "react-lifecycles-compat": "^3.0.4",
        "react-time-picker": "2.4.2"
      }
    },
    "react-lifecycles-compat": {
      "version": "3.0.4",
      "resolved": "https://registry.npmjs.org/react-lifecycles-compat/-/react-lifecycles-compat-3.0.4.tgz",
      "integrity": "sha512-fBASbA6LnOU9dOU2eW7aQ8xmYBSXUIWr+UmF9b1efZBazGNO+rcXT/icdKnYm2pTwcRylVUYwW7H1PHfLekVzA=="
    },
    "react-time-picker": {
      "version": "2.4.2",
      "resolved": "https://registry.npmjs.org/react-time-picker/-/react-time-picker-2.4.2.tgz",
      "integrity": "sha1-169OB21ddWnNHt1DWJcmjvcmC8I=",
      "requires": {
        "detect-element-overflow": "^1.1.1",
        "lodash.once": "^4.1.1",
        "merge-class-names": "^1.1.1",
        "prop-types": "^15.6.0",
        "react-clock": "^2.2.1",
        "react-lifecycles-compat": "^3.0.4"
      }
    },
    "seleccion": {
      "version": "2.0.0",
      "resolved": "https://registry.npmjs.org/seleccion/-/seleccion-2.0.0.tgz",
      "integrity": "sha1-CYSsHo31E+OLQaYI5lBC6DgeCnM="
    },
    "sell": {
      "version": "1.0.0",
      "resolved": "https://registry.npmjs.org/sell/-/sell-1.0.0.tgz",
      "integrity": "sha1-O6yn5R943e6eIu6hrHR6Y2i9FjA="
    },
    "ticky": {
      "version": "1.0.1",
      "resolved": "https://registry.npmjs.org/ticky/-/ticky-1.0.1.tgz",
      "integrity": "sha1-t8+nHnaPHJAAxJe5FRswlHxQ5G0="
    }
  }
}
